{
	"requires": true,
	"lockfileVersion": 1,
	"dependencies": {
		"@types/d3-format": {
			"version": "1.3.0",
			"resolved": "https://registry.npmjs.org/@types/d3-format/-/d3-format-1.3.0.tgz",
			"integrity": "sha512-ZiY4j3iJvAdOwzwW24WjlZbUNvqOsnPAMfPBmdXqxj3uKJbrzBlRrdGl5uC89pZpFs9Dc92E81KcwG2uEgkIZA=="
		},
		"@types/d3-scale": {
			"version": "1.0.12",
			"resolved": "https://registry.npmjs.org/@types/d3-scale/-/d3-scale-1.0.12.tgz",
			"integrity": "sha512-2Z3YsHdWRBuUiqKHcnWVF1ffuALFn+k74QEECUCpzabD/5Olxvs/aJM4eG3QTe5n9yiWK432kOEpinGvO1wDfA==",
			"requires": {
				"@types/d3-time": "*"
			}
		},
		"@types/d3-time": {
			"version": "1.0.7",
			"resolved": "https://registry.npmjs.org/@types/d3-time/-/d3-time-1.0.7.tgz",
			"integrity": "sha512-X5ZQYiJIM38XygNwld4gZ++Vtw2ftgo3KOfZOY4n/sCudUxclxf/3THBvuG8UqSV+EQ0ezYjT5eyvcrrmixOWA=="
		},
		"@types/moment-timezone": {
			"version": "0.5.4",
			"resolved": "https://registry.npmjs.org/@types/moment-timezone/-/moment-timezone-0.5.4.tgz",
			"integrity": "sha512-GXWxTNJaN6A6CSa7+8a0ZGN5yGozW3So7fFHrXE/1c976Nx4hv2470Bx/q6/nmNNOYbcuKT61P0kRNf4cQTirw==",
			"requires": {
				"moment": ">=2.14.0"
			}
		},
		"@types/react": {
			"version": "16.3.14",
			"resolved": "https://registry.npmjs.org/@types/react/-/react-16.3.14.tgz",
			"integrity": "sha512-wNUGm49fPl7eE2fnYdF0v5vSOrUMdKMQD/4NwtQRnb6mnPwtkhabmuFz37eq90+hhyfz0pWd38jkZHOcaZ6LGw==",
			"requires": {
				"csstype": "^2.2.0"
			}
		},
		"@types/react-addons-css-transition-group": {
			"version": "15.0.4",
			"resolved": "https://registry.npmjs.org/@types/react-addons-css-transition-group/-/react-addons-css-transition-group-15.0.4.tgz",
			"integrity": "sha512-EuXs9guHCwGZ13LJrh4i+mXjFINhgw9c8zDS4GLOIUtSGl9YPnRSGW2Po7p0M8X1SUvfwJMcihTgDLyztoJZvA==",
			"requires": {
				"@types/react": "*",
				"@types/react-addons-transition-group": "*"
			}
		},
		"@types/react-addons-transition-group": {
			"version": "15.0.2",
			"resolved": "https://registry.npmjs.org/@types/react-addons-transition-group/-/react-addons-transition-group-15.0.2.tgz",
			"integrity": "sha512-dMYJX0sVHKrzb279jUZF5Xb3Aaw4eyC19LdB30TPVc6KaFz3dxBkKMy6VHB3MfhqlgHiHO6GWcr2B3JezEkcrw==",
			"requires": {
				"@types/react": "*"
			}
		},
		"asap": {
			"version": "2.0.6",
			"resolved": "https://registry.npmjs.org/asap/-/asap-2.0.6.tgz",
			"integrity": "sha1-5QNHYR1+aQlDIIu9r+vLwvuGbUY="
		},
		"chain-function": {
			"version": "1.0.0",
			"resolved": "https://registry.npmjs.org/chain-function/-/chain-function-1.0.0.tgz",
			"integrity": "sha1-DUqzfn4Y6tC9xHuSB2QRjOWHM9w="
		},
		"core-js": {
			"version": "1.2.7",
			"resolved": "https://registry.npmjs.org/core-js/-/core-js-1.2.7.tgz",
			"integrity": "sha1-ZSKUwUZR2yj6k70tX/KYOk8IxjY="
		},
		"csstype": {
			"version": "2.5.1",
			"resolved": "https://registry.npmjs.org/csstype/-/csstype-2.5.1.tgz",
			"integrity": "sha512-qfG5lXkiUKz3kAuABSlpRxL9QL/U8ViJiXC6hvk/7tEJaCj7a2ZOW2kVtSFGpETOfQR7MicXjf/q1bmO1iShiA=="
		},
		"d3-array": {
			"version": "0.7.1",
			"resolved": "https://registry.npmjs.org/d3-array/-/d3-array-0.7.1.tgz",
			"integrity": "sha1-oyHCFVhFnZlOtK1HtHgkDmSTOUI="
		},
		"d3-collection": {
			"version": "0.2.0",
			"resolved": "https://registry.npmjs.org/d3-collection/-/d3-collection-0.2.0.tgz",
			"integrity": "sha1-CnzzYtgj8MZQV8wHX05EHDHDAPo="
		},
		"d3-color": {
			"version": "0.4.2",
			"resolved": "https://registry.npmjs.org/d3-color/-/d3-color-0.4.2.tgz",
			"integrity": "sha1-3wE+eJ2b/vD46jmGySNAzfNA2KA="
		},
		"d3-format": {
			"version": "0.5.1",
			"resolved": "https://registry.npmjs.org/d3-format/-/d3-format-0.5.1.tgz",
			"integrity": "sha1-lEfXyVyEsV00wTiXXb8EiaQS5AU="
		},
		"d3-interpolate": {
			"version": "0.8.3",
			"resolved": "https://registry.npmjs.org/d3-interpolate/-/d3-interpolate-0.8.3.tgz",
			"integrity": "sha1-qOVkpg9tw4TvESwgblGhnm2ISYE=",
			"requires": {
				"d3-color": "~0.4.0"
			}
		},
		"d3-scale": {
			"version": "0.7.2",
			"resolved": "https://registry.npmjs.org/d3-scale/-/d3-scale-0.7.2.tgz",
			"integrity": "sha1-ayzYufT7grjUpsaHmh74kHeWEQU=",
			"requires": {
				"d3-array": "~0.7.0",
				"d3-collection": "~0.2.0",
				"d3-color": "~0.4.0",
				"d3-format": "~0.5.0",
				"d3-interpolate": "~0.8.0",
				"d3-time": "~0.2.0",
				"d3-time-format": "~0.3.0"
			}
		},
		"d3-time": {
			"version": "0.2.6",
			"resolved": "https://registry.npmjs.org/d3-time/-/d3-time-0.2.6.tgz",
			"integrity": "sha1-WHVT6eqeBVRi1BnHqpTpR3vhXLA="
		},
		"d3-time-format": {
			"version": "0.3.2",
			"resolved": "https://registry.npmjs.org/d3-time-format/-/d3-time-format-0.3.2.tgz",
			"integrity": "sha1-nDDpCkB4+T+sFeJ7IBaGVIjAB8E=",
			"requires": {
				"d3-time": "~0.2.0"
			}
		},
		"dom-helpers": {
			"version": "3.3.1",
			"resolved": "https://registry.npmjs.org/dom-helpers/-/dom-helpers-3.3.1.tgz",
			"integrity": "sha512-2Sm+JaYn74OiTM2wHvxJOo3roiq/h25Yi69Fqk269cNUwIXsCvATB6CRSFC9Am/20G2b28hGv/+7NiWydIrPvg=="
		},
		"encoding": {
			"version": "0.1.12",
			"resolved": "https://registry.npmjs.org/encoding/-/encoding-0.1.12.tgz",
			"integrity": "sha1-U4tm8+5izRq1HsMjgp0flIDHS+s=",
			"requires": {
				"iconv-lite": "~0.4.13"
			}
		},
		"fbjs": {
			"version": "0.8.16",
			"resolved": "https://registry.npmjs.org/fbjs/-/fbjs-0.8.16.tgz",
			"integrity": "sha1-XmdDL1UNxBtXK/VYR7ispk5TN9s=",
			"requires": {
				"core-js": "^1.0.0",
				"isomorphic-fetch": "^2.1.1",
				"loose-envify": "^1.0.0",
				"object-assign": "^4.1.0",
				"promise": "^7.1.1",
				"setimmediate": "^1.0.5",
				"ua-parser-js": "^0.7.9"
			}
		},
		"iconv-lite": {
			"version": "0.4.23",
			"resolved": "https://registry.npmjs.org/iconv-lite/-/iconv-lite-0.4.23.tgz",
			"integrity": "sha512-neyTUVFtahjf0mB3dZT77u+8O0QB89jFdnBkd5P1JgYPbPaia3gXXOVL2fq8VyU2gMMD7SaN7QukTB/pmXYvDA==",
			"requires": {
				"safer-buffer": ">= 2.1.2 < 3"
			}
		},
		"is-stream": {
			"version": "1.1.0",
			"resolved": "https://registry.npmjs.org/is-stream/-/is-stream-1.1.0.tgz",
			"integrity": "sha1-EtSj3U5o4Lec6428hBc66A2RykQ="
		},
		"isomorphic-fetch": {
			"version": "2.2.1",
			"resolved": "https://registry.npmjs.org/isomorphic-fetch/-/isomorphic-fetch-2.2.1.tgz",
			"integrity": "sha1-YRrhrPFPXoH3KVB0coGf6XM1WKk=",
			"requires": {
				"node-fetch": "^1.0.1",
				"whatwg-fetch": ">=0.10.0"
			}
		},
		"js-tokens": {
			"version": "3.0.2",
			"resolved": "https://registry.npmjs.org/js-tokens/-/js-tokens-3.0.2.tgz",
			"integrity": "sha1-mGbfOVECEw449/mWvOtlRDIJwls="
		},
		"lodash": {
			"version": "4.17.10",
			"resolved": "https://registry.npmjs.org/lodash/-/lodash-4.17.10.tgz",
			"integrity": "sha512-UejweD1pDoXu+AD825lWwp4ZGtSwgnpZxb3JDViD7StjQz+Nb/6l093lx4OQ0foGWNRoc19mWy7BzL+UAK2iVg=="
		},
		"loose-envify": {
			"version": "1.3.1",
			"resolved": "https://registry.npmjs.org/loose-envify/-/loose-envify-1.3.1.tgz",
			"integrity": "sha1-0aitM/qc4OcT1l/dCsi3SNR4yEg=",
			"requires": {
				"js-tokens": "^3.0.0"
			}
		},
		"merge": {
			"version": "1.2.0",
			"resolved": "https://registry.npmjs.org/merge/-/merge-1.2.0.tgz",
			"integrity": "sha1-dTHjnUlJwoGma4xabgJl6LBYlNo="
		},
		"moment": {
			"version": "2.22.1",
			"resolved": "https://registry.npmjs.org/moment/-/moment-2.22.1.tgz",
			"integrity": "sha512-shJkRTSebXvsVqk56I+lkb2latjBs8I+pc2TzWc545y2iFnSjm7Wg0QMh+ZWcdSLQyGEau5jI8ocnmkyTgr9YQ=="
		},
		"moment-timezone": {
			"version": "0.5.17",
			"resolved": "https://registry.npmjs.org/moment-timezone/-/moment-timezone-0.5.17.tgz",
			"integrity": "sha512-Y/JpVEWIOA9Gho4vO15MTnW1FCmHi3ypprrkUaxsZ1TKg3uqC8q/qMBjTddkHoiwwZN3qvZSr4zJP7x9V3LpXA==",
			"requires": {
				"moment": ">= 2.9.0"
			}
		},
		"node-fetch": {
			"version": "1.7.3",
			"resolved": "https://registry.npmjs.org/node-fetch/-/node-fetch-1.7.3.tgz",
			"integrity": "sha512-NhZ4CsKx7cYm2vSrBAr2PvFOe6sWDf0UYLRqA6svUYg7+/TSfVAu49jYC4BvQ4Sms9SZgdqGBgroqfDhJdTyKQ==",
			"requires": {
				"encoding": "^0.1.11",
				"is-stream": "^1.0.1"
			}
		},
		"object-assign": {
			"version": "4.1.1",
			"resolved": "https://registry.npmjs.org/object-assign/-/object-assign-4.1.1.tgz",
			"integrity": "sha1-IQmtx5ZYh8/AXLvUQsrIv7s2CGM="
		},
		"promise": {
			"version": "7.3.1",
			"resolved": "https://registry.npmjs.org/promise/-/promise-7.3.1.tgz",
			"integrity": "sha512-nolQXZ/4L+bP/UGlkfaIujX9BKxGwmQ9OT4mOt5yvy8iK1h3wqTEJCijzGANTCCl9nWjY41juyAn2K3Q1hLLTg==",
			"requires": {
				"asap": "~2.0.3"
			}
		},
		"prop-types": {
			"version": "15.6.1",
			"resolved": "https://registry.npmjs.org/prop-types/-/prop-types-15.6.1.tgz",
			"integrity": "sha512-4ec7bY1Y66LymSUOH/zARVYObB23AT2h8cf6e/O6ZALB/N0sqZFEx7rq6EYPX2MkOdKORuooI/H5k9TlR4q7kQ==",
			"requires": {
				"fbjs": "^0.8.16",
				"loose-envify": "^1.3.1",
				"object-assign": "^4.1.1"
			}
		},
		"react-addons-css-transition-group": {
			"version": "15.6.2",
			"resolved": "https://registry.npmjs.org/react-addons-css-transition-group/-/react-addons-css-transition-group-15.6.2.tgz",
			"integrity": "sha1-nkN2vPQLUhfRTsaFUwgc7ksIptY=",
			"requires": {
				"react-transition-group": "^1.2.0"
			},
			"dependencies": {
				"react-transition-group": {
					"version": "1.2.1",
					"resolved": "https://registry.npmjs.org/react-transition-group/-/react-transition-group-1.2.1.tgz",
					"integrity": "sha512-CWaL3laCmgAFdxdKbhhps+c0HRGF4c+hdM4H23+FI1QBNUyx/AMeIJGWorehPNSaKnQNOAxL7PQmqMu78CDj3Q==",
					"requires": {
						"chain-function": "^1.0.0",
						"dom-helpers": "^3.2.0",
						"loose-envify": "^1.3.1",
						"prop-types": "^15.5.6",
						"warning": "^3.0.0"
					}
				}
			}
		},
		"react-transition-group": {
			"version": "2.3.1",
			"resolved": "https://registry.npmjs.org/react-transition-group/-/react-transition-group-2.3.1.tgz",
			"integrity": "sha512-hu4/LAOFSKjWt1+1hgnOv3ldxmt6lvZGTWz4KUkFrqzXrNDIVSu6txIcPszw7PNduR8en9YTN55JLRyd/L1ZiQ==",
			"requires": {
				"dom-helpers": "^3.3.1",
				"loose-envify": "^1.3.1",
				"prop-types": "^15.6.1"
			}
		},
		"safer-buffer": {
			"version": "2.1.2",
			"resolved": "https://registry.npmjs.org/safer-buffer/-/safer-buffer-2.1.2.tgz",
			"integrity": "sha512-YZo3K82SD7Riyi0E1EQPojLz7kpepnSQI9IyPbHHg1XXXevb5dJI7tpyN2ADxGcQbHG7vcyRHk0cbwqcQriUtg=="
		},
		"setimmediate": {
			"version": "1.0.5",
			"resolved": "https://registry.npmjs.org/setimmediate/-/setimmediate-1.0.5.tgz",
			"integrity": "sha1-KQy7Iy4waULX1+qbg3Mqt4VvgoU="
		},
		"tslib": {
			"version": "1.9.1",
			"resolved": "https://registry.npmjs.org/tslib/-/tslib-1.9.1.tgz",
			"integrity": "sha512-avfPS28HmGLLc2o4elcc2EIq2FcH++Yo5YxpBZi9Yw93BCTGFthI4HPE4Rpep6vSYQaK8e69PelM44tPj+RaQg=="
		},
		"typescript": {
			"version": "2.7.1",
			"resolved": "https://registry.npmjs.org/typescript/-/typescript-2.7.1.tgz",
			"integrity": "sha512-bqB1yS6o9TNA9ZC/MJxM0FZzPnZdtHj0xWK/IZ5khzVqdpGul/R/EIiHRgFXlwTD7PSIaYVnGKq1QgMCu2mnqw=="
		},
		"ua-parser-js": {
			"version": "0.7.18",
			"resolved": "https://registry.npmjs.org/ua-parser-js/-/ua-parser-js-0.7.18.tgz",
			"integrity": "sha512-LtzwHlVHwFGTptfNSgezHp7WUlwiqb0gA9AALRbKaERfxwJoiX0A73QbTToxteIAuIaFshhgIZfqK8s7clqgnA=="
		},
		"warning": {
			"version": "3.0.0",
			"resolved": "https://registry.npmjs.org/warning/-/warning-3.0.0.tgz",
			"integrity": "sha1-MuU3fLVy3kqwR1O9+IIcAe1gW3w=",
			"requires": {
				"loose-envify": "^1.0.0"
			}
		},
		"whatwg-fetch": {
			"version": "2.0.4",
			"resolved": "https://registry.npmjs.org/whatwg-fetch/-/whatwg-fetch-2.0.4.tgz",
			"integrity": "sha512-dcQ1GWpOD/eEQ97k66aiEVpNnapVj90/+R+SXTPYGHpYBBypfKJEQjLrvMZ7YXbKm21gXd4NcuxUTjiv1YtLng=="
		}
	}
}
